
Microsoft Visual Studio Solution File, Format Version 12.00
# Visual Studio Version 17
VisualStudioVersion = 17.0.32014.148
MinimumVisualStudioVersion = 10.0.40219.1
Project("{FAE04EC0-301F-11D3-BF4B-00C04F79EFBC}") = "AltasBisreg", "AltasBisreg\AltasBisreg.csproj", "{C3CD02F2-42A9-4F75-B937-C417D5667891}"
EndProject
Project("{FAE04EC0-301F-11D3-BF4B-00C04F79EFBC}") = "Catalogos_Bisreg_WinForms", "Catalogos_Bisreg_WinForms\Catalogos_Bisreg_WinForms.csproj", "{80EDE420-6D40-4CA0-A4A3-53E70FB267AA}"
EndProject
Project("{54435603-DBB4-11D2-8724-00A0C9A8B90C}") = "AltasInstaller", "AltasInstaller\AltasInstaller.vdproj", "{057BBBFF-2917-4D58-B703-20E6FC6CFC10}"
EndProject
Project("{FAE04EC0-301F-11D3-BF4B-00C04F79EFBC}") = "BisregApi", "BisregApi\BisregApi.csproj", "{B11380FC-7C1C-4FAB-AC16-C058654FC73D}"
EndProject
Project("{FAE04EC0-301F-11D3-BF4B-00C04F79EFBC}") = "Catalogos Bisreg", "Catalogos Bisreg\Catalogos Bisreg.csproj", "{86694B10-CC28-47B3-992D-FD502107C045}"
EndProject
Project("{FAE04EC0-301F-11D3-BF4B-00C04F79EFBC}") = "Referencias Clientes", "Referencias Clientes\Referencias Clientes.csproj", "{BB22D371-721B-4192-B127-15A3B2DAB33A}"
EndProject
Project("{FAE04EC0-301F-11D3-BF4B-00C04F79EFBC}") = "PruebasWPF", "PruebasWPF\PruebasWPF.csproj", "{172E7EDE-9058-443E-9CA1-6ACEB0BB0BBF}"
EndProject
Project("{54435603-DBB4-11D2-8724-00A0C9A8B90C}") = "Instalador_ReferenciasClientes", "Instalador_ReferenciasClientes\Instalador_ReferenciasClientes.vdproj", "{9F7BA320-0B1E-4580-8BD8-4647706AFC85}"
EndProject
Project("{FAE04EC0-301F-11D3-BF4B-00C04F79EFBC}") = "Referencias CSV", "Referencias CSV\Referencias CSV.csproj", "{BCD3CA31-D498-46A1-B0B1-7F728BA40BCD}"
EndProject
Project("{FAE04EC0-301F-11D3-BF4B-00C04F79EFBC}") = "PrintBisreg", "PrintBisreg\PrintBisreg.csproj", "{7BE4DC24-E9A9-457E-AB35-0AD0F4B285BB}"
EndProject
Global
	GlobalSection(SolutionConfigurationPlatforms) = preSolution
		All|Any CPU = All|Any CPU
		All|ARM = All|ARM
		All|ARM64 = All|ARM64
		All|x64 = All|x64
		All|x86 = All|x86
		Debug|Any CPU = Debug|Any CPU
		Debug|ARM = Debug|ARM
		Debug|ARM64 = Debug|ARM64
		Debug|x64 = Debug|x64
		Debug|x86 = Debug|x86
		Release|Any CPU = Release|Any CPU
		Release|ARM = Release|ARM
		Release|ARM64 = Release|ARM64
		Release|x64 = Release|x64
		Release|x86 = Release|x86
	EndGlobalSection
	GlobalSection(ProjectConfigurationPlatforms) = postSolution
		{C3CD02F2-42A9-4F75-B937-C417D5667891}.All|Any CPU.ActiveCfg = Debug|Any CPU
		{C3CD02F2-42A9-4F75-B937-C417D5667891}.All|Any CPU.Build.0 = Debug|Any CPU
		{C3CD02F2-42A9-4F75-B937-C417D5667891}.All|ARM.ActiveCfg = Release|Any CPU
		{C3CD02F2-42A9-4F75-B937-C417D5667891}.All|ARM.Build.0 = Release|Any CPU
		{C3CD02F2-42A9-4F75-B937-C417D5667891}.All|ARM64.ActiveCfg = Release|Any CPU
		{C3CD02F2-42A9-4F75-B937-C417D5667891}.All|ARM64.Build.0 = Release|Any CPU
		{C3CD02F2-42A9-4F75-B937-C417D5667891}.All|x64.ActiveCfg = Release|Any CPU
		{C3CD02F2-42A9-4F75-B937-C417D5667891}.All|x64.Build.0 = Release|Any CPU
		{C3CD02F2-42A9-4F75-B937-C417D5667891}.All|x86.ActiveCfg = Release|Any CPU
		{C3CD02F2-42A9-4F75-B937-C417D5667891}.All|x86.Build.0 = Release|Any CPU
		{C3CD02F2-42A9-4F75-B937-C417D5667891}.Debug|Any CPU.ActiveCfg = Release|Any CPU
		{C3CD02F2-42A9-4F75-B937-C417D5667891}.Debug|Any CPU.Build.0 = Release|Any CPU
		{C3CD02F2-42A9-4F75-B937-C417D5667891}.Debug|ARM.ActiveCfg = Debug|Any CPU
		{C3CD02F2-42A9-4F75-B937-C417D5667891}.Debug|ARM.Build.0 = Debug|Any CPU
		{C3CD02F2-42A9-4F75-B937-C417D5667891}.Debug|ARM64.ActiveCfg = Debug|Any CPU
		{C3CD02F2-42A9-4F75-B937-C417D5667891}.Debug|ARM64.Build.0 = Debug|Any CPU
		{C3CD02F2-42A9-4F75-B937-C417D5667891}.Debug|x64.ActiveCfg = Debug|Any CPU
		{C3CD02F2-42A9-4F75-B937-C417D5667891}.Debug|x64.Build.0 = Debug|Any CPU
		{C3CD02F2-42A9-4F75-B937-C417D5667891}.Debug|x86.ActiveCfg = Debug|Any CPU
		{C3CD02F2-42A9-4F75-B937-C417D5667891}.Debug|x86.Build.0 = Debug|Any CPU
		{C3CD02F2-42A9-4F75-B937-C417D5667891}.Release|Any CPU.ActiveCfg = Release|Any CPU
		{C3CD02F2-42A9-4F75-B937-C417D5667891}.Release|Any CPU.Build.0 = Release|Any CPU
		{C3CD02F2-42A9-4F75-B937-C417D5667891}.Release|ARM.ActiveCfg = Release|Any CPU
		{C3CD02F2-42A9-4F75-B937-C417D5667891}.Release|ARM.Build.0 = Release|Any CPU
		{C3CD02F2-42A9-4F75-B937-C417D5667891}.Release|ARM64.ActiveCfg = Release|Any CPU
		{C3CD02F2-42A9-4F75-B937-C417D5667891}.Release|ARM64.Build.0 = Release|Any CPU
		{C3CD02F2-42A9-4F75-B937-C417D5667891}.Release|x64.ActiveCfg = Release|Any CPU
		{C3CD02F2-42A9-4F75-B937-C417D5667891}.Release|x64.Build.0 = Release|Any CPU
		{C3CD02F2-42A9-4F75-B937-C417D5667891}.Release|x86.ActiveCfg = Release|Any CPU
		{C3CD02F2-42A9-4F75-B937-C417D5667891}.Release|x86.Build.0 = Release|Any CPU
		{80EDE420-6D40-4CA0-A4A3-53E70FB267AA}.All|Any CPU.ActiveCfg = Release|Any CPU
		{80EDE420-6D40-4CA0-A4A3-53E70FB267AA}.All|Any CPU.Build.0 = Release|Any CPU
		{80EDE420-6D40-4CA0-A4A3-53E70FB267AA}.All|ARM.ActiveCfg = Debug|Any CPU
		{80EDE420-6D40-4CA0-A4A3-53E70FB267AA}.All|ARM.Build.0 = Debug|Any CPU
		{80EDE420-6D40-4CA0-A4A3-53E70FB267AA}.All|ARM64.ActiveCfg = Debug|Any CPU
		{80EDE420-6D40-4CA0-A4A3-53E70FB267AA}.All|ARM64.Build.0 = Debug|Any CPU
		{80EDE420-6D40-4CA0-A4A3-53E70FB267AA}.All|x64.ActiveCfg = Debug|Any CPU
		{80EDE420-6D40-4CA0-A4A3-53E70FB267AA}.All|x64.Build.0 = Debug|Any CPU
		{80EDE420-6D40-4CA0-A4A3-53E70FB267AA}.All|x86.ActiveCfg = Debug|Any CPU
		{80EDE420-6D40-4CA0-A4A3-53E70FB267AA}.All|x86.Build.0 = Debug|Any CPU
		{80EDE420-6D40-4CA0-A4A3-53E70FB267AA}.Debug|Any CPU.ActiveCfg = Debug|Any CPU
		{80EDE420-6D40-4CA0-A4A3-53E70FB267AA}.Debug|Any CPU.Build.0 = Debug|Any CPU
		{80EDE420-6D40-4CA0-A4A3-53E70FB267AA}.Debug|ARM.ActiveCfg = Debug|Any CPU
		{80EDE420-6D40-4CA0-A4A3-53E70FB267AA}.Debug|ARM.Build.0 = Debug|Any CPU
		{80EDE420-6D40-4CA0-A4A3-53E70FB267AA}.Debug|ARM64.ActiveCfg = Debug|Any CPU
		{80EDE420-6D40-4CA0-A4A3-53E70FB267AA}.Debug|ARM64.Build.0 = Debug|Any CPU
		{80EDE420-6D40-4CA0-A4A3-53E70FB267AA}.Debug|x64.ActiveCfg = Debug|Any CPU
		{80EDE420-6D40-4CA0-A4A3-53E70FB267AA}.Debug|x64.Build.0 = Debug|Any CPU
		{80EDE420-6D40-4CA0-A4A3-53E70FB267AA}.Debug|x86.ActiveCfg = Debug|Any CPU
		{80EDE420-6D40-4CA0-A4A3-53E70FB267AA}.Debug|x86.Build.0 = Debug|Any CPU
		{80EDE420-6D40-4CA0-A4A3-53E70FB267AA}.Release|Any CPU.ActiveCfg = Release|Any CPU
		{80EDE420-6D40-4CA0-A4A3-53E70FB267AA}.Release|Any CPU.Build.0 = Release|Any CPU
		{80EDE420-6D40-4CA0-A4A3-53E70FB267AA}.Release|ARM.ActiveCfg = Release|Any CPU
		{80EDE420-6D40-4CA0-A4A3-53E70FB267AA}.Release|ARM.Build.0 = Release|Any CPU
		{80EDE420-6D40-4CA0-A4A3-53E70FB267AA}.Release|ARM64.ActiveCfg = Release|Any CPU
		{80EDE420-6D40-4CA0-A4A3-53E70FB267AA}.Release|ARM64.Build.0 = Release|Any CPU
		{80EDE420-6D40-4CA0-A4A3-53E70FB267AA}.Release|x64.ActiveCfg = Release|Any CPU
		{80EDE420-6D40-4CA0-A4A3-53E70FB267AA}.Release|x64.Build.0 = Release|Any CPU
		{80EDE420-6D40-4CA0-A4A3-53E70FB267AA}.Release|x86.ActiveCfg = Release|Any CPU
		{80EDE420-6D40-4CA0-A4A3-53E70FB267AA}.Release|x86.Build.0 = Release|Any CPU
		{057BBBFF-2917-4D58-B703-20E6FC6CFC10}.All|Any CPU.ActiveCfg = Release
		{057BBBFF-2917-4D58-B703-20E6FC6CFC10}.All|ARM.ActiveCfg = Debug
		{057BBBFF-2917-4D58-B703-20E6FC6CFC10}.All|ARM64.ActiveCfg = Debug
		{057BBBFF-2917-4D58-B703-20E6FC6CFC10}.All|x64.ActiveCfg = Debug
		{057BBBFF-2917-4D58-B703-20E6FC6CFC10}.All|x86.ActiveCfg = Debug
		{057BBBFF-2917-4D58-B703-20E6FC6CFC10}.Debug|Any CPU.ActiveCfg = Debug
		{057BBBFF-2917-4D58-B703-20E6FC6CFC10}.Debug|ARM.ActiveCfg = Debug
		{057BBBFF-2917-4D58-B703-20E6FC6CFC10}.Debug|ARM64.ActiveCfg = Debug
		{057BBBFF-2917-4D58-B703-20E6FC6CFC10}.Debug|x64.ActiveCfg = Debug
		{057BBBFF-2917-4D58-B703-20E6FC6CFC10}.Debug|x86.ActiveCfg = Debug
		{057BBBFF-2917-4D58-B703-20E6FC6CFC10}.Release|Any CPU.ActiveCfg = Release
		{057BBBFF-2917-4D58-B703-20E6FC6CFC10}.Release|ARM.ActiveCfg = Release
		{057BBBFF-2917-4D58-B703-20E6FC6CFC10}.Release|ARM64.ActiveCfg = Release
		{057BBBFF-2917-4D58-B703-20E6FC6CFC10}.Release|x64.ActiveCfg = Release
		{057BBBFF-2917-4D58-B703-20E6FC6CFC10}.Release|x86.ActiveCfg = Release
		{B11380FC-7C1C-4FAB-AC16-C058654FC73D}.All|Any CPU.ActiveCfg = Release|Any CPU
		{B11380FC-7C1C-4FAB-AC16-C058654FC73D}.All|Any CPU.Build.0 = Release|Any CPU
		{B11380FC-7C1C-4FAB-AC16-C058654FC73D}.All|ARM.ActiveCfg = Debug|Any CPU
		{B11380FC-7C1C-4FAB-AC16-C058654FC73D}.All|ARM.Build.0 = Debug|Any CPU
		{B11380FC-7C1C-4FAB-AC16-C058654FC73D}.All|ARM64.ActiveCfg = Debug|Any CPU
		{B11380FC-7C1C-4FAB-AC16-C058654FC73D}.All|ARM64.Build.0 = Debug|Any CPU
		{B11380FC-7C1C-4FAB-AC16-C058654FC73D}.All|x64.ActiveCfg = Debug|Any CPU
		{B11380FC-7C1C-4FAB-AC16-C058654FC73D}.All|x64.Build.0 = Debug|Any CPU
		{B11380FC-7C1C-4FAB-AC16-C058654FC73D}.All|x86.ActiveCfg = Debug|Any CPU
		{B11380FC-7C1C-4FAB-AC16-C058654FC73D}.All|x86.Build.0 = Debug|Any CPU
		{B11380FC-7C1C-4FAB-AC16-C058654FC73D}.Debug|Any CPU.ActiveCfg = Debug|Any CPU
		{B11380FC-7C1C-4FAB-AC16-C058654FC73D}.Debug|Any CPU.Build.0 = Debug|Any CPU
		{B11380FC-7C1C-4FAB-AC16-C058654FC73D}.Debug|ARM.ActiveCfg = Debug|Any CPU
		{B11380FC-7C1C-4FAB-AC16-C058654FC73D}.Debug|ARM.Build.0 = Debug|Any CPU
		{B11380FC-7C1C-4FAB-AC16-C058654FC73D}.Debug|ARM64.ActiveCfg = Debug|Any CPU
		{B11380FC-7C1C-4FAB-AC16-C058654FC73D}.Debug|ARM64.Build.0 = Debug|Any CPU
		{B11380FC-7C1C-4FAB-AC16-C058654FC73D}.Debug|x64.ActiveCfg = Debug|Any CPU
		{B11380FC-7C1C-4FAB-AC16-C058654FC73D}.Debug|x64.Build.0 = Debug|Any CPU
		{B11380FC-7C1C-4FAB-AC16-C058654FC73D}.Debug|x86.ActiveCfg = Debug|Any CPU
		{B11380FC-7C1C-4FAB-AC16-C058654FC73D}.Debug|x86.Build.0 = Debug|Any CPU
		{B11380FC-7C1C-4FAB-AC16-C058654FC73D}.Release|Any CPU.ActiveCfg = Release|Any CPU
		{B11380FC-7C1C-4FAB-AC16-C058654FC73D}.Release|Any CPU.Build.0 = Release|Any CPU
		{B11380FC-7C1C-4FAB-AC16-C058654FC73D}.Release|ARM.ActiveCfg = Release|Any CPU
		{B11380FC-7C1C-4FAB-AC16-C058654FC73D}.Release|ARM.Build.0 = Release|Any CPU
		{B11380FC-7C1C-4FAB-AC16-C058654FC73D}.Release|ARM64.ActiveCfg = Release|Any CPU
		{B11380FC-7C1C-4FAB-AC16-C058654FC73D}.Release|ARM64.Build.0 = Release|Any CPU
		{B11380FC-7C1C-4FAB-AC16-C058654FC73D}.Release|x64.ActiveCfg = Release|Any CPU
		{B11380FC-7C1C-4FAB-AC16-C058654FC73D}.Release|x64.Build.0 = Release|Any CPU
		{B11380FC-7C1C-4FAB-AC16-C058654FC73D}.Release|x86.ActiveCfg = Release|Any CPU
		{B11380FC-7C1C-4FAB-AC16-C058654FC73D}.Release|x86.Build.0 = Release|Any CPU
		{86694B10-CC28-47B3-992D-FD502107C045}.All|Any CPU.ActiveCfg = Release|Any CPU
		{86694B10-CC28-47B3-992D-FD502107C045}.All|Any CPU.Build.0 = Release|Any CPU
		{86694B10-CC28-47B3-992D-FD502107C045}.All|ARM.ActiveCfg = Debug|Any CPU
		{86694B10-CC28-47B3-992D-FD502107C045}.All|ARM.Build.0 = Debug|Any CPU
		{86694B10-CC28-47B3-992D-FD502107C045}.All|ARM64.ActiveCfg = Debug|Any CPU
		{86694B10-CC28-47B3-992D-FD502107C045}.All|ARM64.Build.0 = Debug|Any CPU
		{86694B10-CC28-47B3-992D-FD502107C045}.All|x64.ActiveCfg = Debug|Any CPU
		{86694B10-CC28-47B3-992D-FD502107C045}.All|x64.Build.0 = Debug|Any CPU
		{86694B10-CC28-47B3-992D-FD502107C045}.All|x86.ActiveCfg = Debug|Any CPU
		{86694B10-CC28-47B3-992D-FD502107C045}.All|x86.Build.0 = Debug|Any CPU
		{86694B10-CC28-47B3-992D-FD502107C045}.Debug|Any CPU.ActiveCfg = Debug|Any CPU
		{86694B10-CC28-47B3-992D-FD502107C045}.Debug|Any CPU.Build.0 = Debug|Any CPU
		{86694B10-CC28-47B3-992D-FD502107C045}.Debug|ARM.ActiveCfg = Debug|Any CPU
		{86694B10-CC28-47B3-992D-FD502107C045}.Debug|ARM.Build.0 = Debug|Any CPU
		{86694B10-CC28-47B3-992D-FD502107C045}.Debug|ARM64.ActiveCfg = Debug|Any CPU
		{86694B10-CC28-47B3-992D-FD502107C045}.Debug|ARM64.Build.0 = Debug|Any CPU
		{86694B10-CC28-47B3-992D-FD502107C045}.Debug|x64.ActiveCfg = Debug|Any CPU
		{86694B10-CC28-47B3-992D-FD502107C045}.Debug|x64.Build.0 = Debug|Any CPU
		{86694B10-CC28-47B3-992D-FD502107C045}.Debug|x86.ActiveCfg = Debug|Any CPU
		{86694B10-CC28-47B3-992D-FD502107C045}.Debug|x86.Build.0 = Debug|Any CPU
		{86694B10-CC28-47B3-992D-FD502107C045}.Release|Any CPU.ActiveCfg = Release|Any CPU
		{86694B10-CC28-47B3-992D-FD502107C045}.Release|Any CPU.Build.0 = Release|Any CPU
		{86694B10-CC28-47B3-992D-FD502107C045}.Release|ARM.ActiveCfg = Release|Any CPU
		{86694B10-CC28-47B3-992D-FD502107C045}.Release|ARM.Build.0 = Release|Any CPU
		{86694B10-CC28-47B3-992D-FD502107C045}.Release|ARM64.ActiveCfg = Release|Any CPU
		{86694B10-CC28-47B3-992D-FD502107C045}.Release|ARM64.Build.0 = Release|Any CPU
		{86694B10-CC28-47B3-992D-FD502107C045}.Release|x64.ActiveCfg = Release|Any CPU
		{86694B10-CC28-47B3-992D-FD502107C045}.Release|x64.Build.0 = Release|Any CPU
		{86694B10-CC28-47B3-992D-FD502107C045}.Release|x86.ActiveCfg = Release|Any CPU
		{86694B10-CC28-47B3-992D-FD502107C045}.Release|x86.Build.0 = Release|Any CPU
		{BB22D371-721B-4192-B127-15A3B2DAB33A}.All|Any CPU.ActiveCfg = Release|Any CPU
		{BB22D371-721B-4192-B127-15A3B2DAB33A}.All|Any CPU.Build.0 = Release|Any CPU
		{BB22D371-721B-4192-B127-15A3B2DAB33A}.All|ARM.ActiveCfg = Debug|Any CPU
		{BB22D371-721B-4192-B127-15A3B2DAB33A}.All|ARM.Build.0 = Debug|Any CPU
		{BB22D371-721B-4192-B127-15A3B2DAB33A}.All|ARM64.ActiveCfg = Debug|Any CPU
		{BB22D371-721B-4192-B127-15A3B2DAB33A}.All|ARM64.Build.0 = Debug|Any CPU
		{BB22D371-721B-4192-B127-15A3B2DAB33A}.All|x64.ActiveCfg = Debug|Any CPU
		{BB22D371-721B-4192-B127-15A3B2DAB33A}.All|x64.Build.0 = Debug|Any CPU
		{BB22D371-721B-4192-B127-15A3B2DAB33A}.All|x86.ActiveCfg = Debug|Any CPU
		{BB22D371-721B-4192-B127-15A3B2DAB33A}.All|x86.Build.0 = Debug|Any CPU
		{BB22D371-721B-4192-B127-15A3B2DAB33A}.Debug|Any CPU.ActiveCfg = Debug|Any CPU
		{BB22D371-721B-4192-B127-15A3B2DAB33A}.Debug|Any CPU.Build.0 = Debug|Any CPU
		{BB22D371-721B-4192-B127-15A3B2DAB33A}.Debug|ARM.ActiveCfg = Debug|Any CPU
		{BB22D371-721B-4192-B127-15A3B2DAB33A}.Debug|ARM.Build.0 = Debug|Any CPU
		{BB22D371-721B-4192-B127-15A3B2DAB33A}.Debug|ARM64.ActiveCfg = Debug|Any CPU
		{BB22D371-721B-4192-B127-15A3B2DAB33A}.Debug|ARM64.Build.0 = Debug|Any CPU
		{BB22D371-721B-4192-B127-15A3B2DAB33A}.Debug|x64.ActiveCfg = Debug|Any CPU
		{BB22D371-721B-4192-B127-15A3B2DAB33A}.Debug|x64.Build.0 = Debug|Any CPU
		{BB22D371-721B-4192-B127-15A3B2DAB33A}.Debug|x86.ActiveCfg = Debug|Any CPU
		{BB22D371-721B-4192-B127-15A3B2DAB33A}.Debug|x86.Build.0 = Debug|Any CPU
		{BB22D371-721B-4192-B127-15A3B2DAB33A}.Release|Any CPU.ActiveCfg = Release|Any CPU
		{BB22D371-721B-4192-B127-15A3B2DAB33A}.Release|Any CPU.Build.0 = Release|Any CPU
		{BB22D371-721B-4192-B127-15A3B2DAB33A}.Release|ARM.ActiveCfg = Release|Any CPU
		{BB22D371-721B-4192-B127-15A3B2DAB33A}.Release|ARM.Build.0 = Release|Any CPU
		{BB22D371-721B-4192-B127-15A3B2DAB33A}.Release|ARM64.ActiveCfg = Release|Any CPU
		{BB22D371-721B-4192-B127-15A3B2DAB33A}.Release|ARM64.Build.0 = Release|Any CPU
		{BB22D371-721B-4192-B127-15A3B2DAB33A}.Release|x64.ActiveCfg = Release|Any CPU
		{BB22D371-721B-4192-B127-15A3B2DAB33A}.Release|x64.Build.0 = Release|Any CPU
		{BB22D371-721B-4192-B127-15A3B2DAB33A}.Release|x86.ActiveCfg = Release|Any CPU
		{BB22D371-721B-4192-B127-15A3B2DAB33A}.Release|x86.Build.0 = Release|Any CPU
		{172E7EDE-9058-443E-9CA1-6ACEB0BB0BBF}.All|Any CPU.ActiveCfg = Release|Any CPU
		{172E7EDE-9058-443E-9CA1-6ACEB0BB0BBF}.All|Any CPU.Build.0 = Release|Any CPU
		{172E7EDE-9058-443E-9CA1-6ACEB0BB0BBF}.All|ARM.ActiveCfg = Debug|Any CPU
		{172E7EDE-9058-443E-9CA1-6ACEB0BB0BBF}.All|ARM.Build.0 = Debug|Any CPU
		{172E7EDE-9058-443E-9CA1-6ACEB0BB0BBF}.All|ARM64.ActiveCfg = Debug|Any CPU
		{172E7EDE-9058-443E-9CA1-6ACEB0BB0BBF}.All|ARM64.Build.0 = Debug|Any CPU
		{172E7EDE-9058-443E-9CA1-6ACEB0BB0BBF}.All|x64.ActiveCfg = Debug|Any CPU
		{172E7EDE-9058-443E-9CA1-6ACEB0BB0BBF}.All|x64.Build.0 = Debug|Any CPU
		{172E7EDE-9058-443E-9CA1-6ACEB0BB0BBF}.All|x86.ActiveCfg = Debug|Any CPU
		{172E7EDE-9058-443E-9CA1-6ACEB0BB0BBF}.All|x86.Build.0 = Debug|Any CPU
		{172E7EDE-9058-443E-9CA1-6ACEB0BB0BBF}.Debug|Any CPU.ActiveCfg = Debug|Any CPU
		{172E7EDE-9058-443E-9CA1-6ACEB0BB0BBF}.Debug|Any CPU.Build.0 = Debug|Any CPU
		{172E7EDE-9058-443E-9CA1-6ACEB0BB0BBF}.Debug|ARM.ActiveCfg = Debug|Any CPU
		{172E7EDE-9058-443E-9CA1-6ACEB0BB0BBF}.Debug|ARM.Build.0 = Debug|Any CPU
		{172E7EDE-9058-443E-9CA1-6ACEB0BB0BBF}.Debug|ARM64.ActiveCfg = Debug|Any CPU
		{172E7EDE-9058-443E-9CA1-6ACEB0BB0BBF}.Debug|ARM64.Build.0 = Debug|Any CPU
		{172E7EDE-9058-443E-9CA1-6ACEB0BB0BBF}.Debug|x64.ActiveCfg = Debug|Any CPU
		{172E7EDE-9058-443E-9CA1-6ACEB0BB0BBF}.Debug|x64.Build.0 = Debug|Any CPU
		{172E7EDE-9058-443E-9CA1-6ACEB0BB0BBF}.Debug|x86.ActiveCfg = Debug|Any CPU
		{172E7EDE-9058-443E-9CA1-6ACEB0BB0BBF}.Debug|x86.Build.0 = Debug|Any CPU
		{172E7EDE-9058-443E-9CA1-6ACEB0BB0BBF}.Release|Any CPU.ActiveCfg = Release|Any CPU
		{172E7EDE-9058-443E-9CA1-6ACEB0BB0BBF}.Release|Any CPU.Build.0 = Release|Any CPU
		{172E7EDE-9058-443E-9CA1-6ACEB0BB0BBF}.Release|ARM.ActiveCfg = Release|Any CPU
		{172E7EDE-9058-443E-9CA1-6ACEB0BB0BBF}.Release|ARM.Build.0 = Release|Any CPU
		{172E7EDE-9058-443E-9CA1-6ACEB0BB0BBF}.Release|ARM64.ActiveCfg = Release|Any CPU
		{172E7EDE-9058-443E-9CA1-6ACEB0BB0BBF}.Release|ARM64.Build.0 = Release|Any CPU
		{172E7EDE-9058-443E-9CA1-6ACEB0BB0BBF}.Release|x64.ActiveCfg = Release|Any CPU
		{172E7EDE-9058-443E-9CA1-6ACEB0BB0BBF}.Release|x64.Build.0 = Release|Any CPU
		{172E7EDE-9058-443E-9CA1-6ACEB0BB0BBF}.Release|x86.ActiveCfg = Release|Any CPU
		{172E7EDE-9058-443E-9CA1-6ACEB0BB0BBF}.Release|x86.Build.0 = Release|Any CPU
		{9F7BA320-0B1E-4580-8BD8-4647706AFC85}.All|Any CPU.ActiveCfg = Release
		{9F7BA320-0B1E-4580-8BD8-4647706AFC85}.All|ARM.ActiveCfg = Debug
		{9F7BA320-0B1E-4580-8BD8-4647706AFC85}.All|ARM64.ActiveCfg = Debug
		{9F7BA320-0B1E-4580-8BD8-4647706AFC85}.All|x64.ActiveCfg = Debug
		{9F7BA320-0B1E-4580-8BD8-4647706AFC85}.All|x86.ActiveCfg = Debug
		{9F7BA320-0B1E-4580-8BD8-4647706AFC85}.Debug|Any CPU.ActiveCfg = Debug
		{9F7BA320-0B1E-4580-8BD8-4647706AFC85}.Debug|ARM.ActiveCfg = Debug
		{9F7BA320-0B1E-4580-8BD8-4647706AFC85}.Debug|ARM64.ActiveCfg = Debug
		{9F7BA320-0B1E-4580-8BD8-4647706AFC85}.Debug|x64.ActiveCfg = Debug
		{9F7BA320-0B1E-4580-8BD8-4647706AFC85}.Debug|x86.ActiveCfg = Debug
		{9F7BA320-0B1E-4580-8BD8-4647706AFC85}.Release|Any CPU.ActiveCfg = Release
		{9F7BA320-0B1E-4580-8BD8-4647706AFC85}.Release|ARM.ActiveCfg = Release
		{9F7BA320-0B1E-4580-8BD8-4647706AFC85}.Release|ARM64.ActiveCfg = Release
		{9F7BA320-0B1E-4580-8BD8-4647706AFC85}.Release|x64.ActiveCfg = Release
		{9F7BA320-0B1E-4580-8BD8-4647706AFC85}.Release|x86.ActiveCfg = Release
		{BCD3CA31-D498-46A1-B0B1-7F728BA40BCD}.All|Any CPU.ActiveCfg = Release|Any CPU
		{BCD3CA31-D498-46A1-B0B1-7F728BA40BCD}.All|Any CPU.Build.0 = Release|Any CPU
		{BCD3CA31-D498-46A1-B0B1-7F728BA40BCD}.All|ARM.ActiveCfg = Debug|Any CPU
		{BCD3CA31-D498-46A1-B0B1-7F728BA40BCD}.All|ARM.Build.0 = Debug|Any CPU
		{BCD3CA31-D498-46A1-B0B1-7F728BA40BCD}.All|ARM64.ActiveCfg = Debug|Any CPU
		{BCD3CA31-D498-46A1-B0B1-7F728BA40BCD}.All|ARM64.Build.0 = Debug|Any CPU
		{BCD3CA31-D498-46A1-B0B1-7F728BA40BCD}.All|x64.ActiveCfg = Debug|Any CPU
		{BCD3CA31-D498-46A1-B0B1-7F728BA40BCD}.All|x64.Build.0 = Debug|Any CPU
		{BCD3CA31-D498-46A1-B0B1-7F728BA40BCD}.All|x86.ActiveCfg = Debug|Any CPU
		{BCD3CA31-D498-46A1-B0B1-7F728BA40BCD}.All|x86.Build.0 = Debug|Any CPU
		{BCD3CA31-D498-46A1-B0B1-7F728BA40BCD}.Debug|Any CPU.ActiveCfg = Debug|Any CPU
		{BCD3CA31-D498-46A1-B0B1-7F728BA40BCD}.Debug|Any CPU.Build.0 = Debug|Any CPU
		{BCD3CA31-D498-46A1-B0B1-7F728BA40BCD}.Debug|ARM.ActiveCfg = Debug|Any CPU
		{BCD3CA31-D498-46A1-B0B1-7F728BA40BCD}.Debug|ARM.Build.0 = Debug|Any CPU
		{BCD3CA31-D498-46A1-B0B1-7F728BA40BCD}.Debug|ARM64.ActiveCfg = Debug|Any CPU
		{BCD3CA31-D498-46A1-B0B1-7F728BA40BCD}.Debug|ARM64.Build.0 = Debug|Any CPU
		{BCD3CA31-D498-46A1-B0B1-7F728BA40BCD}.Debug|x64.ActiveCfg = Debug|Any CPU
		{BCD3CA31-D498-46A1-B0B1-7F728BA40BCD}.Debug|x64.Build.0 = Debug|Any CPU
		{BCD3CA31-D498-46A1-B0B1-7F728BA40BCD}.Debug|x86.ActiveCfg = Debug|Any CPU
		{BCD3CA31-D498-46A1-B0B1-7F728BA40BCD}.Debug|x86.Build.0 = Debug|Any CPU
		{BCD3CA31-D498-46A1-B0B1-7F728BA40BCD}.Release|Any CPU.ActiveCfg = Release|Any CPU
		{BCD3CA31-D498-46A1-B0B1-7F728BA40BCD}.Release|Any CPU.Build.0 = Release|Any CPU
		{BCD3CA31-D498-46A1-B0B1-7F728BA40BCD}.Release|ARM.ActiveCfg = Release|Any CPU
		{BCD3CA31-D498-46A1-B0B1-7F728BA40BCD}.Release|ARM.Build.0 = Release|Any CPU
		{BCD3CA31-D498-46A1-B0B1-7F728BA40BCD}.Release|ARM64.ActiveCfg = Release|Any CPU
		{BCD3CA31-D498-46A1-B0B1-7F728BA40BCD}.Release|ARM64.Build.0 = Release|Any CPU
		{BCD3CA31-D498-46A1-B0B1-7F728BA40BCD}.Release|x64.ActiveCfg = Release|Any CPU
		{BCD3CA31-D498-46A1-B0B1-7F728BA40BCD}.Release|x64.Build.0 = Release|Any CPU
		{BCD3CA31-D498-46A1-B0B1-7F728BA40BCD}.Release|x86.ActiveCfg = Release|Any CPU
		{BCD3CA31-D498-46A1-B0B1-7F728BA40BCD}.Release|x86.Build.0 = Release|Any CPU
		{7BE4DC24-E9A9-457E-AB35-0AD0F4B285BB}.All|Any CPU.ActiveCfg = Debug|Any CPU
		{7BE4DC24-E9A9-457E-AB35-0AD0F4B285BB}.All|Any CPU.Build.0 = Debug|Any CPU
		{7BE4DC24-E9A9-457E-AB35-0AD0F4B285BB}.All|ARM.ActiveCfg = Debug|Any CPU
		{7BE4DC24-E9A9-457E-AB35-0AD0F4B285BB}.All|ARM.Build.0 = Debug|Any CPU
		{7BE4DC24-E9A9-457E-AB35-0AD0F4B285BB}.All|ARM64.ActiveCfg = Debug|Any CPU
		{7BE4DC24-E9A9-457E-AB35-0AD0F4B285BB}.All|ARM64.Build.0 = Debug|Any CPU
		{7BE4DC24-E9A9-457E-AB35-0AD0F4B285BB}.All|x64.ActiveCfg = Debug|Any CPU
		{7BE4DC24-E9A9-457E-AB35-0AD0F4B285BB}.All|x64.Build.0 = Debug|Any CPU
		{7BE4DC24-E9A9-457E-AB35-0AD0F4B285BB}.All|x86.ActiveCfg = Debug|Any CPU
		{7BE4DC24-E9A9-457E-AB35-0AD0F4B285BB}.All|x86.Build.0 = Debug|Any CPU
		{7BE4DC24-E9A9-457E-AB35-0AD0F4B285BB}.Debug|Any CPU.ActiveCfg = Debug|Any CPU
		{7BE4DC24-E9A9-457E-AB35-0AD0F4B285BB}.Debug|Any CPU.Build.0 = Debug|Any CPU
		{7BE4DC24-E9A9-457E-AB35-0AD0F4B285BB}.Debug|ARM.ActiveCfg = Debug|Any CPU
		{7BE4DC24-E9A9-457E-AB35-0AD0F4B285BB}.Debug|ARM.Build.0 = Debug|Any CPU
		{7BE4DC24-E9A9-457E-AB35-0AD0F4B285BB}.Debug|ARM64.ActiveCfg = Debug|Any CPU
		{7BE4DC24-E9A9-457E-AB35-0AD0F4B285BB}.Debug|ARM64.Build.0 = Debug|Any CPU
		{7BE4DC24-E9A9-457E-AB35-0AD0F4B285BB}.Debug|x64.ActiveCfg = Debug|Any CPU
		{7BE4DC24-E9A9-457E-AB35-0AD0F4B285BB}.Debug|x64.Build.0 = Debug|Any CPU
		{7BE4DC24-E9A9-457E-AB35-0AD0F4B285BB}.Debug|x86.ActiveCfg = Debug|Any CPU
		{7BE4DC24-E9A9-457E-AB35-0AD0F4B285BB}.Debug|x86.Build.0 = Debug|Any CPU
		{7BE4DC24-E9A9-457E-AB35-0AD0F4B285BB}.Release|Any CPU.ActiveCfg = Release|Any CPU
		{7BE4DC24-E9A9-457E-AB35-0AD0F4B285BB}.Release|Any CPU.Build.0 = Release|Any CPU
		{7BE4DC24-E9A9-457E-AB35-0AD0F4B285BB}.Release|ARM.ActiveCfg = Release|Any CPU
		{7BE4DC24-E9A9-457E-AB35-0AD0F4B285BB}.Release|ARM.Build.0 = Release|Any CPU
		{7BE4DC24-E9A9-457E-AB35-0AD0F4B285BB}.Release|ARM64.ActiveCfg = Release|Any CPU
		{7BE4DC24-E9A9-457E-AB35-0AD0F4B285BB}.Release|ARM64.Build.0 = Release|Any CPU
		{7BE4DC24-E9A9-457E-AB35-0AD0F4B285BB}.Release|x64.ActiveCfg = Release|Any CPU
		{7BE4DC24-E9A9-457E-AB35-0AD0F4B285BB}.Release|x64.Build.0 = Release|Any CPU
		{7BE4DC24-E9A9-457E-AB35-0AD0F4B285BB}.Release|x86.ActiveCfg = Release|Any CPU
		{7BE4DC24-E9A9-457E-AB35-0AD0F4B285BB}.Release|x86.Build.0 = Release|Any CPU
	EndGlobalSection
	GlobalSection(SolutionProperties) = preSolution
		HideSolutionNode = FALSE
	EndGlobalSection
	GlobalSection(ExtensibilityGlobals) = postSolution
		SolutionGuid = {8EE281FB-3940-42C1-B484-48F3F9CD7221}
	EndGlobalSection
EndGlobal
