
Microsoft Visual Studio Solution File, Format Version 12.00
# Visual Studio Version 17
VisualStudioVersion = 17.0.32014.148
MinimumVisualStudioVersion = 10.0.40219.1
Project("{9A19103F-16F7-4668-BE54-9A1E7A4F7556}") = "PrintBisreg", "PrintBisreg\PrintBisreg.csproj", "{7BE4DC24-E9A9-457E-AB35-0AD0F4B285BB}"
EndProject
Project("{9A19103F-16F7-4668-BE54-9A1E7A4F7556}") = "BisregApi", "BisregApi\BisregApi.csproj", "{66B61625-19FC-4678-A3BC-EA2B0B6D2F76}"
EndProject
Project("{9A19103F-16F7-4668-BE54-9A1E7A4F7556}") = "CatalogosBisreg", "CatalogosBisreg\CatalogosBisreg.csproj", "{34D3803B-634E-4603-B46E-E88C38C6D887}"
EndProject
Project("{9A19103F-16F7-4668-BE54-9A1E7A4F7556}") = "EditorPCF", "EditorPCF\EditorPCF.csproj", "{2C7C68FC-4741-442F-B27D-C227E2A99912}"
EndProject
Global
	GlobalSection(SolutionConfigurationPlatforms) = preSolution
		All|Any CPU = All|Any CPU
		All|ARM = All|ARM
		All|ARM64 = All|ARM64
		All|x64 = All|x64
		All|x86 = All|x86
		Debug|Any CPU = Debug|Any CPU
		Debug|ARM = Debug|ARM
		Debug|ARM64 = Debug|ARM64
		Debug|x64 = Debug|x64
		Debug|x86 = Debug|x86
		Release|Any CPU = Release|Any CPU
		Release|ARM = Release|ARM
		Release|ARM64 = Release|ARM64
		Release|x64 = Release|x64
		Release|x86 = Release|x86
	EndGlobalSection
	GlobalSection(ProjectConfigurationPlatforms) = postSolution
		{7BE4DC24-E9A9-457E-AB35-0AD0F4B285BB}.All|Any CPU.ActiveCfg = Debug|Any CPU
		{7BE4DC24-E9A9-457E-AB35-0AD0F4B285BB}.All|Any CPU.Build.0 = Debug|Any CPU
		{7BE4DC24-E9A9-457E-AB35-0AD0F4B285BB}.All|ARM.ActiveCfg = Debug|Any CPU
		{7BE4DC24-E9A9-457E-AB35-0AD0F4B285BB}.All|ARM.Build.0 = Debug|Any CPU
		{7BE4DC24-E9A9-457E-AB35-0AD0F4B285BB}.All|ARM64.ActiveCfg = Debug|Any CPU
		{7BE4DC24-E9A9-457E-AB35-0AD0F4B285BB}.All|ARM64.Build.0 = Debug|Any CPU
		{7BE4DC24-E9A9-457E-AB35-0AD0F4B285BB}.All|x64.ActiveCfg = Debug|Any CPU
		{7BE4DC24-E9A9-457E-AB35-0AD0F4B285BB}.All|x64.Build.0 = Debug|Any CPU
		{7BE4DC24-E9A9-457E-AB35-0AD0F4B285BB}.All|x86.ActiveCfg = Debug|Any CPU
		{7BE4DC24-E9A9-457E-AB35-0AD0F4B285BB}.All|x86.Build.0 = Debug|Any CPU
		{7BE4DC24-E9A9-457E-AB35-0AD0F4B285BB}.Debug|Any CPU.ActiveCfg = Debug|Any CPU
		{7BE4DC24-E9A9-457E-AB35-0AD0F4B285BB}.Debug|Any CPU.Build.0 = Debug|Any CPU
		{7BE4DC24-E9A9-457E-AB35-0AD0F4B285BB}.Debug|ARM.ActiveCfg = Debug|Any CPU
		{7BE4DC24-E9A9-457E-AB35-0AD0F4B285BB}.Debug|ARM.Build.0 = Debug|Any CPU
		{7BE4DC24-E9A9-457E-AB35-0AD0F4B285BB}.Debug|ARM64.ActiveCfg = Debug|Any CPU
		{7BE4DC24-E9A9-457E-AB35-0AD0F4B285BB}.Debug|ARM64.Build.0 = Debug|Any CPU
		{7BE4DC24-E9A9-457E-AB35-0AD0F4B285BB}.Debug|x64.ActiveCfg = Debug|Any CPU
		{7BE4DC24-E9A9-457E-AB35-0AD0F4B285BB}.Debug|x64.Build.0 = Debug|Any CPU
		{7BE4DC24-E9A9-457E-AB35-0AD0F4B285BB}.Debug|x86.ActiveCfg = Debug|Any CPU
		{7BE4DC24-E9A9-457E-AB35-0AD0F4B285BB}.Debug|x86.Build.0 = Debug|Any CPU
		{7BE4DC24-E9A9-457E-AB35-0AD0F4B285BB}.Release|Any CPU.ActiveCfg = Release|Any CPU
		{7BE4DC24-E9A9-457E-AB35-0AD0F4B285BB}.Release|Any CPU.Build.0 = Release|Any CPU
		{7BE4DC24-E9A9-457E-AB35-0AD0F4B285BB}.Release|ARM.ActiveCfg = Release|Any CPU
		{7BE4DC24-E9A9-457E-AB35-0AD0F4B285BB}.Release|ARM.Build.0 = Release|Any CPU
		{7BE4DC24-E9A9-457E-AB35-0AD0F4B285BB}.Release|ARM64.ActiveCfg = Release|Any CPU
		{7BE4DC24-E9A9-457E-AB35-0AD0F4B285BB}.Release|ARM64.Build.0 = Release|Any CPU
		{7BE4DC24-E9A9-457E-AB35-0AD0F4B285BB}.Release|x64.ActiveCfg = Release|Any CPU
		{7BE4DC24-E9A9-457E-AB35-0AD0F4B285BB}.Release|x64.Build.0 = Release|Any CPU
		{7BE4DC24-E9A9-457E-AB35-0AD0F4B285BB}.Release|x86.ActiveCfg = Release|Any CPU
		{7BE4DC24-E9A9-457E-AB35-0AD0F4B285BB}.Release|x86.Build.0 = Release|Any CPU
		{66B61625-19FC-4678-A3BC-EA2B0B6D2F76}.All|Any CPU.ActiveCfg = Debug|Any CPU
		{66B61625-19FC-4678-A3BC-EA2B0B6D2F76}.All|Any CPU.Build.0 = Debug|Any CPU
		{66B61625-19FC-4678-A3BC-EA2B0B6D2F76}.All|ARM.ActiveCfg = Debug|Any CPU
		{66B61625-19FC-4678-A3BC-EA2B0B6D2F76}.All|ARM.Build.0 = Debug|Any CPU
		{66B61625-19FC-4678-A3BC-EA2B0B6D2F76}.All|ARM64.ActiveCfg = Debug|Any CPU
		{66B61625-19FC-4678-A3BC-EA2B0B6D2F76}.All|ARM64.Build.0 = Debug|Any CPU
		{66B61625-19FC-4678-A3BC-EA2B0B6D2F76}.All|x64.ActiveCfg = Debug|Any CPU
		{66B61625-19FC-4678-A3BC-EA2B0B6D2F76}.All|x64.Build.0 = Debug|Any CPU
		{66B61625-19FC-4678-A3BC-EA2B0B6D2F76}.All|x86.ActiveCfg = Debug|Any CPU
		{66B61625-19FC-4678-A3BC-EA2B0B6D2F76}.All|x86.Build.0 = Debug|Any CPU
		{66B61625-19FC-4678-A3BC-EA2B0B6D2F76}.Debug|Any CPU.ActiveCfg = Debug|Any CPU
		{66B61625-19FC-4678-A3BC-EA2B0B6D2F76}.Debug|Any CPU.Build.0 = Debug|Any CPU
		{66B61625-19FC-4678-A3BC-EA2B0B6D2F76}.Debug|ARM.ActiveCfg = Debug|Any CPU
		{66B61625-19FC-4678-A3BC-EA2B0B6D2F76}.Debug|ARM.Build.0 = Debug|Any CPU
		{66B61625-19FC-4678-A3BC-EA2B0B6D2F76}.Debug|ARM64.ActiveCfg = Debug|Any CPU
		{66B61625-19FC-4678-A3BC-EA2B0B6D2F76}.Debug|ARM64.Build.0 = Debug|Any CPU
		{66B61625-19FC-4678-A3BC-EA2B0B6D2F76}.Debug|x64.ActiveCfg = Debug|Any CPU
		{66B61625-19FC-4678-A3BC-EA2B0B6D2F76}.Debug|x64.Build.0 = Debug|Any CPU
		{66B61625-19FC-4678-A3BC-EA2B0B6D2F76}.Debug|x86.ActiveCfg = Debug|Any CPU
		{66B61625-19FC-4678-A3BC-EA2B0B6D2F76}.Debug|x86.Build.0 = Debug|Any CPU
		{66B61625-19FC-4678-A3BC-EA2B0B6D2F76}.Release|Any CPU.ActiveCfg = Release|Any CPU
		{66B61625-19FC-4678-A3BC-EA2B0B6D2F76}.Release|Any CPU.Build.0 = Release|Any CPU
		{66B61625-19FC-4678-A3BC-EA2B0B6D2F76}.Release|ARM.ActiveCfg = Release|Any CPU
		{66B61625-19FC-4678-A3BC-EA2B0B6D2F76}.Release|ARM.Build.0 = Release|Any CPU
		{66B61625-19FC-4678-A3BC-EA2B0B6D2F76}.Release|ARM64.ActiveCfg = Release|Any CPU
		{66B61625-19FC-4678-A3BC-EA2B0B6D2F76}.Release|ARM64.Build.0 = Release|Any CPU
		{66B61625-19FC-4678-A3BC-EA2B0B6D2F76}.Release|x64.ActiveCfg = Release|Any CPU
		{66B61625-19FC-4678-A3BC-EA2B0B6D2F76}.Release|x64.Build.0 = Release|Any CPU
		{66B61625-19FC-4678-A3BC-EA2B0B6D2F76}.Release|x86.ActiveCfg = Release|Any CPU
		{66B61625-19FC-4678-A3BC-EA2B0B6D2F76}.Release|x86.Build.0 = Release|Any CPU
		{34D3803B-634E-4603-B46E-E88C38C6D887}.All|Any CPU.ActiveCfg = Debug|Any CPU
		{34D3803B-634E-4603-B46E-E88C38C6D887}.All|Any CPU.Build.0 = Debug|Any CPU
		{34D3803B-634E-4603-B46E-E88C38C6D887}.All|ARM.ActiveCfg = Debug|Any CPU
		{34D3803B-634E-4603-B46E-E88C38C6D887}.All|ARM.Build.0 = Debug|Any CPU
		{34D3803B-634E-4603-B46E-E88C38C6D887}.All|ARM64.ActiveCfg = Debug|Any CPU
		{34D3803B-634E-4603-B46E-E88C38C6D887}.All|ARM64.Build.0 = Debug|Any CPU
		{34D3803B-634E-4603-B46E-E88C38C6D887}.All|x64.ActiveCfg = Debug|Any CPU
		{34D3803B-634E-4603-B46E-E88C38C6D887}.All|x64.Build.0 = Debug|Any CPU
		{34D3803B-634E-4603-B46E-E88C38C6D887}.All|x86.ActiveCfg = Debug|Any CPU
		{34D3803B-634E-4603-B46E-E88C38C6D887}.All|x86.Build.0 = Debug|Any CPU
		{34D3803B-634E-4603-B46E-E88C38C6D887}.Debug|Any CPU.ActiveCfg = Debug|Any CPU
		{34D3803B-634E-4603-B46E-E88C38C6D887}.Debug|Any CPU.Build.0 = Debug|Any CPU
		{34D3803B-634E-4603-B46E-E88C38C6D887}.Debug|ARM.ActiveCfg = Debug|Any CPU
		{34D3803B-634E-4603-B46E-E88C38C6D887}.Debug|ARM.Build.0 = Debug|Any CPU
		{34D3803B-634E-4603-B46E-E88C38C6D887}.Debug|ARM64.ActiveCfg = Debug|Any CPU
		{34D3803B-634E-4603-B46E-E88C38C6D887}.Debug|ARM64.Build.0 = Debug|Any CPU
		{34D3803B-634E-4603-B46E-E88C38C6D887}.Debug|x64.ActiveCfg = Debug|Any CPU
		{34D3803B-634E-4603-B46E-E88C38C6D887}.Debug|x64.Build.0 = Debug|Any CPU
		{34D3803B-634E-4603-B46E-E88C38C6D887}.Debug|x86.ActiveCfg = Debug|Any CPU
		{34D3803B-634E-4603-B46E-E88C38C6D887}.Debug|x86.Build.0 = Debug|Any CPU
		{34D3803B-634E-4603-B46E-E88C38C6D887}.Release|Any CPU.ActiveCfg = Release|Any CPU
		{34D3803B-634E-4603-B46E-E88C38C6D887}.Release|Any CPU.Build.0 = Release|Any CPU
		{34D3803B-634E-4603-B46E-E88C38C6D887}.Release|ARM.ActiveCfg = Release|Any CPU
		{34D3803B-634E-4603-B46E-E88C38C6D887}.Release|ARM.Build.0 = Release|Any CPU
		{34D3803B-634E-4603-B46E-E88C38C6D887}.Release|ARM64.ActiveCfg = Release|Any CPU
		{34D3803B-634E-4603-B46E-E88C38C6D887}.Release|ARM64.Build.0 = Release|Any CPU
		{34D3803B-634E-4603-B46E-E88C38C6D887}.Release|x64.ActiveCfg = Release|Any CPU
		{34D3803B-634E-4603-B46E-E88C38C6D887}.Release|x64.Build.0 = Release|Any CPU
		{34D3803B-634E-4603-B46E-E88C38C6D887}.Release|x86.ActiveCfg = Release|Any CPU
		{34D3803B-634E-4603-B46E-E88C38C6D887}.Release|x86.Build.0 = Release|Any CPU
		{2C7C68FC-4741-442F-B27D-C227E2A99912}.All|Any CPU.ActiveCfg = Debug|Any CPU
		{2C7C68FC-4741-442F-B27D-C227E2A99912}.All|Any CPU.Build.0 = Debug|Any CPU
		{2C7C68FC-4741-442F-B27D-C227E2A99912}.All|ARM.ActiveCfg = Debug|Any CPU
		{2C7C68FC-4741-442F-B27D-C227E2A99912}.All|ARM.Build.0 = Debug|Any CPU
		{2C7C68FC-4741-442F-B27D-C227E2A99912}.All|ARM64.ActiveCfg = Debug|Any CPU
		{2C7C68FC-4741-442F-B27D-C227E2A99912}.All|ARM64.Build.0 = Debug|Any CPU
		{2C7C68FC-4741-442F-B27D-C227E2A99912}.All|x64.ActiveCfg = Debug|Any CPU
		{2C7C68FC-4741-442F-B27D-C227E2A99912}.All|x64.Build.0 = Debug|Any CPU
		{2C7C68FC-4741-442F-B27D-C227E2A99912}.All|x86.ActiveCfg = Debug|Any CPU
		{2C7C68FC-4741-442F-B27D-C227E2A99912}.All|x86.Build.0 = Debug|Any CPU
		{2C7C68FC-4741-442F-B27D-C227E2A99912}.Debug|Any CPU.ActiveCfg = Debug|Any CPU
		{2C7C68FC-4741-442F-B27D-C227E2A99912}.Debug|Any CPU.Build.0 = Debug|Any CPU
		{2C7C68FC-4741-442F-B27D-C227E2A99912}.Debug|ARM.ActiveCfg = Debug|Any CPU
		{2C7C68FC-4741-442F-B27D-C227E2A99912}.Debug|ARM.Build.0 = Debug|Any CPU
		{2C7C68FC-4741-442F-B27D-C227E2A99912}.Debug|ARM64.ActiveCfg = Debug|Any CPU
		{2C7C68FC-4741-442F-B27D-C227E2A99912}.Debug|ARM64.Build.0 = Debug|Any CPU
		{2C7C68FC-4741-442F-B27D-C227E2A99912}.Debug|x64.ActiveCfg = Debug|Any CPU
		{2C7C68FC-4741-442F-B27D-C227E2A99912}.Debug|x64.Build.0 = Debug|Any CPU
		{2C7C68FC-4741-442F-B27D-C227E2A99912}.Debug|x86.ActiveCfg = Debug|Any CPU
		{2C7C68FC-4741-442F-B27D-C227E2A99912}.Debug|x86.Build.0 = Debug|Any CPU
		{2C7C68FC-4741-442F-B27D-C227E2A99912}.Release|Any CPU.ActiveCfg = Release|Any CPU
		{2C7C68FC-4741-442F-B27D-C227E2A99912}.Release|Any CPU.Build.0 = Release|Any CPU
		{2C7C68FC-4741-442F-B27D-C227E2A99912}.Release|ARM.ActiveCfg = Release|Any CPU
		{2C7C68FC-4741-442F-B27D-C227E2A99912}.Release|ARM.Build.0 = Release|Any CPU
		{2C7C68FC-4741-442F-B27D-C227E2A99912}.Release|ARM64.ActiveCfg = Release|Any CPU
		{2C7C68FC-4741-442F-B27D-C227E2A99912}.Release|ARM64.Build.0 = Release|Any CPU
		{2C7C68FC-4741-442F-B27D-C227E2A99912}.Release|x64.ActiveCfg = Release|Any CPU
		{2C7C68FC-4741-442F-B27D-C227E2A99912}.Release|x64.Build.0 = Release|Any CPU
		{2C7C68FC-4741-442F-B27D-C227E2A99912}.Release|x86.ActiveCfg = Release|Any CPU
		{2C7C68FC-4741-442F-B27D-C227E2A99912}.Release|x86.Build.0 = Release|Any CPU
	EndGlobalSection
	GlobalSection(SolutionProperties) = preSolution
		HideSolutionNode = FALSE
	EndGlobalSection
	GlobalSection(ExtensibilityGlobals) = postSolution
		SolutionGuid = {8EE281FB-3940-42C1-B484-48F3F9CD7221}
	EndGlobalSection
EndGlobal
